
Microsoft Visual Studio Solution File, Format Version 12.00
# Visual Studio Version 17
VisualStudioVersion = 17.8.34408.163
MinimumVisualStudioVersion = 10.0.40219.1
Project("{FAE04EC0-301F-11D3-BF4B-00C04F79EFBC}") = "PsycoTest", "PsycoTest\PsycoTest.csproj", "{045D9209-B336-4C49-A253-3F21FCFB5AE3}"
EndProject
Project("{FAE04EC0-301F-11D3-BF4B-00C04F79EFBC}") = "PsycoTest.Tests", "PsycoTest.Tests\PsycoTest.Tests.csproj", "{2AB55856-1A36-4795-A137-B85777EC4B09}"
EndProject
Global
	GlobalSection(SolutionConfigurationPlatforms) = preSolution
		Debug|Any CPU = Debug|Any CPU
		Release|Any CPU = Release|Any CPU
	EndGlobalSection
	GlobalSection(ProjectConfigurationPlatforms) = postSolution
		{045D9209-B336-4C49-A253-3F21FCFB5AE3}.Debug|Any CPU.ActiveCfg = Debug|Any CPU
		{045D9209-B336-4C49-A253-3F21FCFB5AE3}.Debug|Any CPU.Build.0 = Debug|Any CPU
		{045D9209-B336-4C49-A253-3F21FCFB5AE3}.Release|Any CPU.ActiveCfg = Release|Any CPU
		{045D9209-B336-4C49-A253-3F21FCFB5AE3}.Release|Any CPU.Build.0 = Release|Any CPU
		{2AB55856-1A36-4795-A137-B85777EC4B09}.Debug|Any CPU.ActiveCfg = Debug|Any CPU
		{2AB55856-1A36-4795-A137-B85777EC4B09}.Debug|Any CPU.Build.0 = Debug|Any CPU
		{2AB55856-1A36-4795-A137-B85777EC4B09}.Release|Any CPU.ActiveCfg = Release|Any CPU
		{2AB55856-1A36-4795-A137-B85777EC4B09}.Release|Any CPU.Build.0 = Release|Any CPU
	EndGlobalSection
	GlobalSection(SolutionProperties) = preSolution
		HideSolutionNode = FALSE
	EndGlobalSection
	GlobalSection(ExtensibilityGlobals) = postSolution
		SolutionGuid = {05073218-F2B9-4943-B6A0-F0581BF98777}
	EndGlobalSection
EndGlobal
